
Microsoft Visual Studio Solution File, Format Version 12.00
# Visual Studio 14
VisualStudioVersion = 14.0.25420.1
MinimumVisualStudioVersion = 10.0.40219.1
Project("{FAE04EC0-301F-11D3-BF4B-00C04F79EFBC}") = "Exc - 1", "Exc - 1\Exc - 1.csproj", "{EC8F67BB-036A-4FBB-8632-7BA06CB32DF7}"
EndProject
Project("{FAE04EC0-301F-11D3-BF4B-00C04F79EFBC}") = "Exc-2", "Exc-2\Exc-2.csproj", "{09F11E1E-1EE4-48EA-BBE0-127DEA9B2FED}"
EndProject
Project("{FAE04EC0-301F-11D3-BF4B-00C04F79EFBC}") = "Exc-3", "Exc-3\Exc-3.csproj", "{248B2A57-6321-426A-B8F1-B5D68AF6A8C7}"
EndProject
Project("{FAE04EC0-301F-11D3-BF4B-00C04F79EFBC}") = "Exc-4", "Exc-4\Exc-4.csproj", "{F4B80314-794D-4C82-B88A-9FFEC97EC3A5}"
EndProject
Project("{FAE04EC0-301F-11D3-BF4B-00C04F79EFBC}") = "Exc-5", "Exc-5\Exc-5.csproj", "{986D2CCC-D6C5-4782-9CCC-367FEBE3D4FB}"
EndProject
Project("{FAE04EC0-301F-11D3-BF4B-00C04F79EFBC}") = "Exc-6", "Exc-6\Exc-6.csproj", "{BB7E2BF6-A40A-458F-9940-16E02C0C287E}"
EndProject
Project("{FAE04EC0-301F-11D3-BF4B-00C04F79EFBC}") = "Exc-7", "Exc-7\Exc-7.csproj", "{08A72AEE-BE04-421E-BDD5-AF52B71137D3}"
EndProject
Project("{FAE04EC0-301F-11D3-BF4B-00C04F79EFBC}") = "Exc-8", "Exc-8\Exc-8.csproj", "{72FC8177-9C00-4233-9745-22DE4A899E33}"
EndProject
Project("{FAE04EC0-301F-11D3-BF4B-00C04F79EFBC}") = "Exc-8-2", "Exc-8-2\Exc-8-2.csproj", "{E266C9E7-0DDF-4D20-A028-8A441351538E}"
EndProject
Project("{FAE04EC0-301F-11D3-BF4B-00C04F79EFBC}") = "Exc-9", "Exc-9\Exc-9.csproj", "{D155EA2E-807C-4A40-B6BF-0CD406728995}"
EndProject
Project("{FAE04EC0-301F-11D3-BF4B-00C04F79EFBC}") = "Exc-10", "Exc-10\Exc-10.csproj", "{B558DA41-70CC-4AF0-AD63-92DB6EE4C64D}"
EndProject
Global
	GlobalSection(SolutionConfigurationPlatforms) = preSolution
		Debug|Any CPU = Debug|Any CPU
		Release|Any CPU = Release|Any CPU
	EndGlobalSection
	GlobalSection(ProjectConfigurationPlatforms) = postSolution
		{EC8F67BB-036A-4FBB-8632-7BA06CB32DF7}.Debug|Any CPU.ActiveCfg = Debug|Any CPU
		{EC8F67BB-036A-4FBB-8632-7BA06CB32DF7}.Debug|Any CPU.Build.0 = Debug|Any CPU
		{EC8F67BB-036A-4FBB-8632-7BA06CB32DF7}.Release|Any CPU.ActiveCfg = Release|Any CPU
		{EC8F67BB-036A-4FBB-8632-7BA06CB32DF7}.Release|Any CPU.Build.0 = Release|Any CPU
		{09F11E1E-1EE4-48EA-BBE0-127DEA9B2FED}.Debug|Any CPU.ActiveCfg = Debug|Any CPU
		{09F11E1E-1EE4-48EA-BBE0-127DEA9B2FED}.Debug|Any CPU.Build.0 = Debug|Any CPU
		{09F11E1E-1EE4-48EA-BBE0-127DEA9B2FED}.Release|Any CPU.ActiveCfg = Release|Any CPU
		{09F11E1E-1EE4-48EA-BBE0-127DEA9B2FED}.Release|Any CPU.Build.0 = Release|Any CPU
		{248B2A57-6321-426A-B8F1-B5D68AF6A8C7}.Debug|Any CPU.ActiveCfg = Debug|Any CPU
		{248B2A57-6321-426A-B8F1-B5D68AF6A8C7}.Debug|Any CPU.Build.0 = Debug|Any CPU
		{248B2A57-6321-426A-B8F1-B5D68AF6A8C7}.Release|Any CPU.ActiveCfg = Release|Any CPU
		{248B2A57-6321-426A-B8F1-B5D68AF6A8C7}.Release|Any CPU.Build.0 = Release|Any CPU
		{F4B80314-794D-4C82-B88A-9FFEC97EC3A5}.Debug|Any CPU.ActiveCfg = Debug|Any CPU
		{F4B80314-794D-4C82-B88A-9FFEC97EC3A5}.Debug|Any CPU.Build.0 = Debug|Any CPU
		{F4B80314-794D-4C82-B88A-9FFEC97EC3A5}.Release|Any CPU.ActiveCfg = Release|Any CPU
		{F4B80314-794D-4C82-B88A-9FFEC97EC3A5}.Release|Any CPU.Build.0 = Release|Any CPU
		{986D2CCC-D6C5-4782-9CCC-367FEBE3D4FB}.Debug|Any CPU.ActiveCfg = Debug|Any CPU
		{986D2CCC-D6C5-4782-9CCC-367FEBE3D4FB}.Debug|Any CPU.Build.0 = Debug|Any CPU
		{986D2CCC-D6C5-4782-9CCC-367FEBE3D4FB}.Release|Any CPU.ActiveCfg = Release|Any CPU
		{986D2CCC-D6C5-4782-9CCC-367FEBE3D4FB}.Release|Any CPU.Build.0 = Release|Any CPU
		{BB7E2BF6-A40A-458F-9940-16E02C0C287E}.Debug|Any CPU.ActiveCfg = Debug|Any CPU
		{BB7E2BF6-A40A-458F-9940-16E02C0C287E}.Debug|Any CPU.Build.0 = Debug|Any CPU
		{BB7E2BF6-A40A-458F-9940-16E02C0C287E}.Release|Any CPU.ActiveCfg = Release|Any CPU
		{BB7E2BF6-A40A-458F-9940-16E02C0C287E}.Release|Any CPU.Build.0 = Release|Any CPU
		{08A72AEE-BE04-421E-BDD5-AF52B71137D3}.Debug|Any CPU.ActiveCfg = Debug|Any CPU
		{08A72AEE-BE04-421E-BDD5-AF52B71137D3}.Debug|Any CPU.Build.0 = Debug|Any CPU
		{08A72AEE-BE04-421E-BDD5-AF52B71137D3}.Release|Any CPU.ActiveCfg = Release|Any CPU
		{08A72AEE-BE04-421E-BDD5-AF52B71137D3}.Release|Any CPU.Build.0 = Release|Any CPU
		{72FC8177-9C00-4233-9745-22DE4A899E33}.Debug|Any CPU.ActiveCfg = Debug|Any CPU
		{72FC8177-9C00-4233-9745-22DE4A899E33}.Debug|Any CPU.Build.0 = Debug|Any CPU
		{72FC8177-9C00-4233-9745-22DE4A899E33}.Release|Any CPU.ActiveCfg = Release|Any CPU
		{72FC8177-9C00-4233-9745-22DE4A899E33}.Release|Any CPU.Build.0 = Release|Any CPU
		{E266C9E7-0DDF-4D20-A028-8A441351538E}.Debug|Any CPU.ActiveCfg = Debug|Any CPU
		{E266C9E7-0DDF-4D20-A028-8A441351538E}.Debug|Any CPU.Build.0 = Debug|Any CPU
		{E266C9E7-0DDF-4D20-A028-8A441351538E}.Release|Any CPU.ActiveCfg = Release|Any CPU
		{E266C9E7-0DDF-4D20-A028-8A441351538E}.Release|Any CPU.Build.0 = Release|Any CPU
		{D155EA2E-807C-4A40-B6BF-0CD406728995}.Debug|Any CPU.ActiveCfg = Debug|Any CPU
		{D155EA2E-807C-4A40-B6BF-0CD406728995}.Debug|Any CPU.Build.0 = Debug|Any CPU
		{D155EA2E-807C-4A40-B6BF-0CD406728995}.Release|Any CPU.ActiveCfg = Release|Any CPU
		{D155EA2E-807C-4A40-B6BF-0CD406728995}.Release|Any CPU.Build.0 = Release|Any CPU
		{B558DA41-70CC-4AF0-AD63-92DB6EE4C64D}.Debug|Any CPU.ActiveCfg = Debug|Any CPU
		{B558DA41-70CC-4AF0-AD63-92DB6EE4C64D}.Debug|Any CPU.Build.0 = Debug|Any CPU
		{B558DA41-70CC-4AF0-AD63-92DB6EE4C64D}.Release|Any CPU.ActiveCfg = Release|Any CPU
		{B558DA41-70CC-4AF0-AD63-92DB6EE4C64D}.Release|Any CPU.Build.0 = Release|Any CPU
	EndGlobalSection
	GlobalSection(SolutionProperties) = preSolution
		HideSolutionNode = FALSE
	EndGlobalSection
EndGlobal
