
Microsoft Visual Studio Solution File, Format Version 12.00
# Visual Studio 14
VisualStudioVersion = 14.0.25420.1
MinimumVisualStudioVersion = 10.0.40219.1
Project("{FAE04EC0-301F-11D3-BF4B-00C04F79EFBC}") = "Exc - 01", "Exc - 01\Exc - 01.csproj", "{394EFEF1-7187-4C41-8060-4D9C025EE9F2}"
EndProject
Project("{FAE04EC0-301F-11D3-BF4B-00C04F79EFBC}") = "Exc - 02", "Exc - 02\Exc - 02.csproj", "{2D79508A-03D0-44AB-BB4A-14277EB8B349}"
EndProject
Project("{FAE04EC0-301F-11D3-BF4B-00C04F79EFBC}") = "Exc - 03", "Exc - 03\Exc - 03.csproj", "{DFE60D40-C210-47BA-91F2-F14A0D44CC03}"
EndProject
Project("{FAE04EC0-301F-11D3-BF4B-00C04F79EFBC}") = "Exc - 04", "Exc - 04\Exc - 04.csproj", "{DE374968-BD6B-4848-B4BC-827917FCB740}"
EndProject
Project("{FAE04EC0-301F-11D3-BF4B-00C04F79EFBC}") = "Exc - 05", "Exc - 05\Exc - 05.csproj", "{551487B5-AAC6-4F20-8500-1BBC7682F615}"
EndProject
Project("{FAE04EC0-301F-11D3-BF4B-00C04F79EFBC}") = "Exc - 06", "Exc - 06\Exc - 06.csproj", "{06DB7278-CEF0-4A2C-BEC1-6641C3C0A15E}"
EndProject
Project("{FAE04EC0-301F-11D3-BF4B-00C04F79EFBC}") = "Exc - 07", "Exc - 07\Exc - 07.csproj", "{A371F26A-C76E-41F0-9D26-F501BD1664EC}"
EndProject
Project("{FAE04EC0-301F-11D3-BF4B-00C04F79EFBC}") = "Exc - 08", "Exc - 08\Exc - 08.csproj", "{2866B1EA-6B7A-4815-A5B4-DCD5CB324826}"
EndProject
Project("{FAE04EC0-301F-11D3-BF4B-00C04F79EFBC}") = "Exc - 09", "Exc - 09\Exc - 09.csproj", "{09D7684F-7AA3-455E-BF63-F31E5ECF1CD4}"
EndProject
Project("{FAE04EC0-301F-11D3-BF4B-00C04F79EFBC}") = "Exc - 10", "Exc - 10\Exc - 10.csproj", "{CBAD6A61-B3E5-4D85-93D5-DBE4DC9B5602}"
EndProject
Project("{FAE04EC0-301F-11D3-BF4B-00C04F79EFBC}") = "Exc - 11", "Exc - 11\Exc - 11.csproj", "{4E6E0ED6-E8EB-4923-BB1E-0765BE758BE2}"
EndProject
Project("{FAE04EC0-301F-11D3-BF4B-00C04F79EFBC}") = "Exc - 12", "Exc - 12\Exc - 12.csproj", "{2102CAE9-92D8-4F21-AA17-40D98EBF09E8}"
EndProject
Project("{FAE04EC0-301F-11D3-BF4B-00C04F79EFBC}") = "Exc - 13", "Exc - 13\Exc - 13.csproj", "{CC97A334-B0B5-4769-A0A1-30A27657F1B4}"
EndProject
Project("{FAE04EC0-301F-11D3-BF4B-00C04F79EFBC}") = "Exc - 14", "Exc - 14\Exc - 14.csproj", "{64FE6FBF-3EC3-492F-BD94-58A96369328A}"
EndProject
Project("{FAE04EC0-301F-11D3-BF4B-00C04F79EFBC}") = "Exc -15", "Exc -15\Exc -15.csproj", "{0AE90B8F-B835-458E-AC57-ABE17D7D76C3}"
EndProject
Project("{FAE04EC0-301F-11D3-BF4B-00C04F79EFBC}") = "Exc - 16", "Exc - 16\Exc - 16.csproj", "{B2F1D2CF-4373-46A3-95D6-13F1704F9D19}"
EndProject
Project("{FAE04EC0-301F-11D3-BF4B-00C04F79EFBC}") = "Exc - 17", "Exc - 17\Exc - 17.csproj", "{3B0D8D37-AB0A-45ED-87EA-B65334107C56}"
EndProject
Project("{FAE04EC0-301F-11D3-BF4B-00C04F79EFBC}") = "Exc - 18", "Exc - 18\Exc - 18.csproj", "{4FC324C9-390B-435B-B977-B72048FE7EC7}"
EndProject
Global
	GlobalSection(SolutionConfigurationPlatforms) = preSolution
		Debug|Any CPU = Debug|Any CPU
		Release|Any CPU = Release|Any CPU
	EndGlobalSection
	GlobalSection(ProjectConfigurationPlatforms) = postSolution
		{394EFEF1-7187-4C41-8060-4D9C025EE9F2}.Debug|Any CPU.ActiveCfg = Debug|Any CPU
		{394EFEF1-7187-4C41-8060-4D9C025EE9F2}.Debug|Any CPU.Build.0 = Debug|Any CPU
		{394EFEF1-7187-4C41-8060-4D9C025EE9F2}.Release|Any CPU.ActiveCfg = Release|Any CPU
		{394EFEF1-7187-4C41-8060-4D9C025EE9F2}.Release|Any CPU.Build.0 = Release|Any CPU
		{2D79508A-03D0-44AB-BB4A-14277EB8B349}.Debug|Any CPU.ActiveCfg = Debug|Any CPU
		{2D79508A-03D0-44AB-BB4A-14277EB8B349}.Debug|Any CPU.Build.0 = Debug|Any CPU
		{2D79508A-03D0-44AB-BB4A-14277EB8B349}.Release|Any CPU.ActiveCfg = Release|Any CPU
		{2D79508A-03D0-44AB-BB4A-14277EB8B349}.Release|Any CPU.Build.0 = Release|Any CPU
		{DFE60D40-C210-47BA-91F2-F14A0D44CC03}.Debug|Any CPU.ActiveCfg = Debug|Any CPU
		{DFE60D40-C210-47BA-91F2-F14A0D44CC03}.Debug|Any CPU.Build.0 = Debug|Any CPU
		{DFE60D40-C210-47BA-91F2-F14A0D44CC03}.Release|Any CPU.ActiveCfg = Release|Any CPU
		{DFE60D40-C210-47BA-91F2-F14A0D44CC03}.Release|Any CPU.Build.0 = Release|Any CPU
		{DE374968-BD6B-4848-B4BC-827917FCB740}.Debug|Any CPU.ActiveCfg = Debug|Any CPU
		{DE374968-BD6B-4848-B4BC-827917FCB740}.Debug|Any CPU.Build.0 = Debug|Any CPU
		{DE374968-BD6B-4848-B4BC-827917FCB740}.Release|Any CPU.ActiveCfg = Release|Any CPU
		{DE374968-BD6B-4848-B4BC-827917FCB740}.Release|Any CPU.Build.0 = Release|Any CPU
		{551487B5-AAC6-4F20-8500-1BBC7682F615}.Debug|Any CPU.ActiveCfg = Debug|Any CPU
		{551487B5-AAC6-4F20-8500-1BBC7682F615}.Debug|Any CPU.Build.0 = Debug|Any CPU
		{551487B5-AAC6-4F20-8500-1BBC7682F615}.Release|Any CPU.ActiveCfg = Release|Any CPU
		{551487B5-AAC6-4F20-8500-1BBC7682F615}.Release|Any CPU.Build.0 = Release|Any CPU
		{06DB7278-CEF0-4A2C-BEC1-6641C3C0A15E}.Debug|Any CPU.ActiveCfg = Debug|Any CPU
		{06DB7278-CEF0-4A2C-BEC1-6641C3C0A15E}.Debug|Any CPU.Build.0 = Debug|Any CPU
		{06DB7278-CEF0-4A2C-BEC1-6641C3C0A15E}.Release|Any CPU.ActiveCfg = Release|Any CPU
		{06DB7278-CEF0-4A2C-BEC1-6641C3C0A15E}.Release|Any CPU.Build.0 = Release|Any CPU
		{A371F26A-C76E-41F0-9D26-F501BD1664EC}.Debug|Any CPU.ActiveCfg = Debug|Any CPU
		{A371F26A-C76E-41F0-9D26-F501BD1664EC}.Debug|Any CPU.Build.0 = Debug|Any CPU
		{A371F26A-C76E-41F0-9D26-F501BD1664EC}.Release|Any CPU.ActiveCfg = Release|Any CPU
		{A371F26A-C76E-41F0-9D26-F501BD1664EC}.Release|Any CPU.Build.0 = Release|Any CPU
		{2866B1EA-6B7A-4815-A5B4-DCD5CB324826}.Debug|Any CPU.ActiveCfg = Debug|Any CPU
		{2866B1EA-6B7A-4815-A5B4-DCD5CB324826}.Debug|Any CPU.Build.0 = Debug|Any CPU
		{2866B1EA-6B7A-4815-A5B4-DCD5CB324826}.Release|Any CPU.ActiveCfg = Release|Any CPU
		{2866B1EA-6B7A-4815-A5B4-DCD5CB324826}.Release|Any CPU.Build.0 = Release|Any CPU
		{09D7684F-7AA3-455E-BF63-F31E5ECF1CD4}.Debug|Any CPU.ActiveCfg = Debug|Any CPU
		{09D7684F-7AA3-455E-BF63-F31E5ECF1CD4}.Debug|Any CPU.Build.0 = Debug|Any CPU
		{09D7684F-7AA3-455E-BF63-F31E5ECF1CD4}.Release|Any CPU.ActiveCfg = Release|Any CPU
		{09D7684F-7AA3-455E-BF63-F31E5ECF1CD4}.Release|Any CPU.Build.0 = Release|Any CPU
		{CBAD6A61-B3E5-4D85-93D5-DBE4DC9B5602}.Debug|Any CPU.ActiveCfg = Debug|Any CPU
		{CBAD6A61-B3E5-4D85-93D5-DBE4DC9B5602}.Debug|Any CPU.Build.0 = Debug|Any CPU
		{CBAD6A61-B3E5-4D85-93D5-DBE4DC9B5602}.Release|Any CPU.ActiveCfg = Release|Any CPU
		{CBAD6A61-B3E5-4D85-93D5-DBE4DC9B5602}.Release|Any CPU.Build.0 = Release|Any CPU
		{4E6E0ED6-E8EB-4923-BB1E-0765BE758BE2}.Debug|Any CPU.ActiveCfg = Debug|Any CPU
		{4E6E0ED6-E8EB-4923-BB1E-0765BE758BE2}.Debug|Any CPU.Build.0 = Debug|Any CPU
		{4E6E0ED6-E8EB-4923-BB1E-0765BE758BE2}.Release|Any CPU.ActiveCfg = Release|Any CPU
		{4E6E0ED6-E8EB-4923-BB1E-0765BE758BE2}.Release|Any CPU.Build.0 = Release|Any CPU
		{2102CAE9-92D8-4F21-AA17-40D98EBF09E8}.Debug|Any CPU.ActiveCfg = Debug|Any CPU
		{2102CAE9-92D8-4F21-AA17-40D98EBF09E8}.Debug|Any CPU.Build.0 = Debug|Any CPU
		{2102CAE9-92D8-4F21-AA17-40D98EBF09E8}.Release|Any CPU.ActiveCfg = Release|Any CPU
		{2102CAE9-92D8-4F21-AA17-40D98EBF09E8}.Release|Any CPU.Build.0 = Release|Any CPU
		{CC97A334-B0B5-4769-A0A1-30A27657F1B4}.Debug|Any CPU.ActiveCfg = Debug|Any CPU
		{CC97A334-B0B5-4769-A0A1-30A27657F1B4}.Debug|Any CPU.Build.0 = Debug|Any CPU
		{CC97A334-B0B5-4769-A0A1-30A27657F1B4}.Release|Any CPU.ActiveCfg = Release|Any CPU
		{CC97A334-B0B5-4769-A0A1-30A27657F1B4}.Release|Any CPU.Build.0 = Release|Any CPU
		{64FE6FBF-3EC3-492F-BD94-58A96369328A}.Debug|Any CPU.ActiveCfg = Debug|Any CPU
		{64FE6FBF-3EC3-492F-BD94-58A96369328A}.Debug|Any CPU.Build.0 = Debug|Any CPU
		{64FE6FBF-3EC3-492F-BD94-58A96369328A}.Release|Any CPU.ActiveCfg = Release|Any CPU
		{64FE6FBF-3EC3-492F-BD94-58A96369328A}.Release|Any CPU.Build.0 = Release|Any CPU
		{0AE90B8F-B835-458E-AC57-ABE17D7D76C3}.Debug|Any CPU.ActiveCfg = Debug|Any CPU
		{0AE90B8F-B835-458E-AC57-ABE17D7D76C3}.Debug|Any CPU.Build.0 = Debug|Any CPU
		{0AE90B8F-B835-458E-AC57-ABE17D7D76C3}.Release|Any CPU.ActiveCfg = Release|Any CPU
		{0AE90B8F-B835-458E-AC57-ABE17D7D76C3}.Release|Any CPU.Build.0 = Release|Any CPU
		{B2F1D2CF-4373-46A3-95D6-13F1704F9D19}.Debug|Any CPU.ActiveCfg = Debug|Any CPU
		{B2F1D2CF-4373-46A3-95D6-13F1704F9D19}.Debug|Any CPU.Build.0 = Debug|Any CPU
		{B2F1D2CF-4373-46A3-95D6-13F1704F9D19}.Release|Any CPU.ActiveCfg = Release|Any CPU
		{B2F1D2CF-4373-46A3-95D6-13F1704F9D19}.Release|Any CPU.Build.0 = Release|Any CPU
		{3B0D8D37-AB0A-45ED-87EA-B65334107C56}.Debug|Any CPU.ActiveCfg = Debug|Any CPU
		{3B0D8D37-AB0A-45ED-87EA-B65334107C56}.Debug|Any CPU.Build.0 = Debug|Any CPU
		{3B0D8D37-AB0A-45ED-87EA-B65334107C56}.Release|Any CPU.ActiveCfg = Release|Any CPU
		{3B0D8D37-AB0A-45ED-87EA-B65334107C56}.Release|Any CPU.Build.0 = Release|Any CPU
		{4FC324C9-390B-435B-B977-B72048FE7EC7}.Debug|Any CPU.ActiveCfg = Debug|Any CPU
		{4FC324C9-390B-435B-B977-B72048FE7EC7}.Debug|Any CPU.Build.0 = Debug|Any CPU
		{4FC324C9-390B-435B-B977-B72048FE7EC7}.Release|Any CPU.ActiveCfg = Release|Any CPU
		{4FC324C9-390B-435B-B977-B72048FE7EC7}.Release|Any CPU.Build.0 = Release|Any CPU
	EndGlobalSection
	GlobalSection(SolutionProperties) = preSolution
		HideSolutionNode = FALSE
	EndGlobalSection
EndGlobal
