
Microsoft Visual Studio Solution File, Format Version 12.00
# Visual Studio 14
VisualStudioVersion = 14.0.25420.1
MinimumVisualStudioVersion = 10.0.40219.1
Project("{FAE04EC0-301F-11D3-BF4B-00C04F79EFBC}") = "Exc-01", "Exc-01\Exc-01.csproj", "{76343083-21FF-4871-9C54-3F07E0C750C9}"
EndProject
Project("{FAE04EC0-301F-11D3-BF4B-00C04F79EFBC}") = "Exc-02", "Exc-02\Exc-02.csproj", "{E2F7061A-3A25-4D98-9F28-739F941A80A9}"
EndProject
Project("{FAE04EC0-301F-11D3-BF4B-00C04F79EFBC}") = "Exc-03", "Exc-03\Exc-03.csproj", "{3B0554F2-743D-4B11-98B0-B04446696182}"
EndProject
Project("{FAE04EC0-301F-11D3-BF4B-00C04F79EFBC}") = "Exc-04", "Exc-04\Exc-04.csproj", "{2927DCFF-A489-4E69-B881-995FE1D2786D}"
EndProject
Project("{FAE04EC0-301F-11D3-BF4B-00C04F79EFBC}") = "Exc-05", "Exc-05\Exc-05.csproj", "{E00FD024-2608-4E52-938D-728981B9011D}"
EndProject
Project("{FAE04EC0-301F-11D3-BF4B-00C04F79EFBC}") = "Exc-06", "Exc-06\Exc-06.csproj", "{2E848209-25FA-44D9-A6FF-AC964E830E13}"
EndProject
Project("{FAE04EC0-301F-11D3-BF4B-00C04F79EFBC}") = "Exc-07", "Exc - 07\Exc-07.csproj", "{B4D3675F-7191-4BB5-8BFF-5E8A4CDC0ED3}"
EndProject
Project("{FAE04EC0-301F-11D3-BF4B-00C04F79EFBC}") = "Exc-08", "Exc - 08\Exc-08.csproj", "{43A90A2B-99BF-408E-AC94-BEFA4C94A8A2}"
EndProject
Project("{FAE04EC0-301F-11D3-BF4B-00C04F79EFBC}") = "Exc-09", "Exc-09\Exc-09.csproj", "{8899ABBF-8F46-484D-8CB7-22C9196A260A}"
EndProject
Project("{FAE04EC0-301F-11D3-BF4B-00C04F79EFBC}") = "Exc-10", "Exc-10\Exc-10.csproj", "{22AABC92-DF53-474A-A342-B0CC65E2F865}"
EndProject
Project("{FAE04EC0-301F-11D3-BF4B-00C04F79EFBC}") = "Exc-11", "Exc-11\Exc-11.csproj", "{79F23225-FF83-4D20-9A6F-EDFBC13AB4F8}"
EndProject
Global
	GlobalSection(SolutionConfigurationPlatforms) = preSolution
		Debug|Any CPU = Debug|Any CPU
		Release|Any CPU = Release|Any CPU
	EndGlobalSection
	GlobalSection(ProjectConfigurationPlatforms) = postSolution
		{76343083-21FF-4871-9C54-3F07E0C750C9}.Debug|Any CPU.ActiveCfg = Debug|Any CPU
		{76343083-21FF-4871-9C54-3F07E0C750C9}.Debug|Any CPU.Build.0 = Debug|Any CPU
		{76343083-21FF-4871-9C54-3F07E0C750C9}.Release|Any CPU.ActiveCfg = Release|Any CPU
		{76343083-21FF-4871-9C54-3F07E0C750C9}.Release|Any CPU.Build.0 = Release|Any CPU
		{E2F7061A-3A25-4D98-9F28-739F941A80A9}.Debug|Any CPU.ActiveCfg = Debug|Any CPU
		{E2F7061A-3A25-4D98-9F28-739F941A80A9}.Debug|Any CPU.Build.0 = Debug|Any CPU
		{E2F7061A-3A25-4D98-9F28-739F941A80A9}.Release|Any CPU.ActiveCfg = Release|Any CPU
		{E2F7061A-3A25-4D98-9F28-739F941A80A9}.Release|Any CPU.Build.0 = Release|Any CPU
		{3B0554F2-743D-4B11-98B0-B04446696182}.Debug|Any CPU.ActiveCfg = Debug|Any CPU
		{3B0554F2-743D-4B11-98B0-B04446696182}.Debug|Any CPU.Build.0 = Debug|Any CPU
		{3B0554F2-743D-4B11-98B0-B04446696182}.Release|Any CPU.ActiveCfg = Release|Any CPU
		{3B0554F2-743D-4B11-98B0-B04446696182}.Release|Any CPU.Build.0 = Release|Any CPU
		{2927DCFF-A489-4E69-B881-995FE1D2786D}.Debug|Any CPU.ActiveCfg = Debug|Any CPU
		{2927DCFF-A489-4E69-B881-995FE1D2786D}.Debug|Any CPU.Build.0 = Debug|Any CPU
		{2927DCFF-A489-4E69-B881-995FE1D2786D}.Release|Any CPU.ActiveCfg = Release|Any CPU
		{2927DCFF-A489-4E69-B881-995FE1D2786D}.Release|Any CPU.Build.0 = Release|Any CPU
		{E00FD024-2608-4E52-938D-728981B9011D}.Debug|Any CPU.ActiveCfg = Debug|Any CPU
		{E00FD024-2608-4E52-938D-728981B9011D}.Debug|Any CPU.Build.0 = Debug|Any CPU
		{E00FD024-2608-4E52-938D-728981B9011D}.Release|Any CPU.ActiveCfg = Release|Any CPU
		{E00FD024-2608-4E52-938D-728981B9011D}.Release|Any CPU.Build.0 = Release|Any CPU
		{2E848209-25FA-44D9-A6FF-AC964E830E13}.Debug|Any CPU.ActiveCfg = Debug|Any CPU
		{2E848209-25FA-44D9-A6FF-AC964E830E13}.Debug|Any CPU.Build.0 = Debug|Any CPU
		{2E848209-25FA-44D9-A6FF-AC964E830E13}.Release|Any CPU.ActiveCfg = Release|Any CPU
		{2E848209-25FA-44D9-A6FF-AC964E830E13}.Release|Any CPU.Build.0 = Release|Any CPU
		{B4D3675F-7191-4BB5-8BFF-5E8A4CDC0ED3}.Debug|Any CPU.ActiveCfg = Debug|Any CPU
		{B4D3675F-7191-4BB5-8BFF-5E8A4CDC0ED3}.Debug|Any CPU.Build.0 = Debug|Any CPU
		{B4D3675F-7191-4BB5-8BFF-5E8A4CDC0ED3}.Release|Any CPU.ActiveCfg = Release|Any CPU
		{B4D3675F-7191-4BB5-8BFF-5E8A4CDC0ED3}.Release|Any CPU.Build.0 = Release|Any CPU
		{43A90A2B-99BF-408E-AC94-BEFA4C94A8A2}.Debug|Any CPU.ActiveCfg = Debug|Any CPU
		{43A90A2B-99BF-408E-AC94-BEFA4C94A8A2}.Debug|Any CPU.Build.0 = Debug|Any CPU
		{43A90A2B-99BF-408E-AC94-BEFA4C94A8A2}.Release|Any CPU.ActiveCfg = Release|Any CPU
		{43A90A2B-99BF-408E-AC94-BEFA4C94A8A2}.Release|Any CPU.Build.0 = Release|Any CPU
		{8899ABBF-8F46-484D-8CB7-22C9196A260A}.Debug|Any CPU.ActiveCfg = Debug|Any CPU
		{8899ABBF-8F46-484D-8CB7-22C9196A260A}.Debug|Any CPU.Build.0 = Debug|Any CPU
		{8899ABBF-8F46-484D-8CB7-22C9196A260A}.Release|Any CPU.ActiveCfg = Release|Any CPU
		{8899ABBF-8F46-484D-8CB7-22C9196A260A}.Release|Any CPU.Build.0 = Release|Any CPU
		{22AABC92-DF53-474A-A342-B0CC65E2F865}.Debug|Any CPU.ActiveCfg = Debug|Any CPU
		{22AABC92-DF53-474A-A342-B0CC65E2F865}.Debug|Any CPU.Build.0 = Debug|Any CPU
		{22AABC92-DF53-474A-A342-B0CC65E2F865}.Release|Any CPU.ActiveCfg = Release|Any CPU
		{22AABC92-DF53-474A-A342-B0CC65E2F865}.Release|Any CPU.Build.0 = Release|Any CPU
		{79F23225-FF83-4D20-9A6F-EDFBC13AB4F8}.Debug|Any CPU.ActiveCfg = Debug|Any CPU
		{79F23225-FF83-4D20-9A6F-EDFBC13AB4F8}.Debug|Any CPU.Build.0 = Debug|Any CPU
		{79F23225-FF83-4D20-9A6F-EDFBC13AB4F8}.Release|Any CPU.ActiveCfg = Release|Any CPU
		{79F23225-FF83-4D20-9A6F-EDFBC13AB4F8}.Release|Any CPU.Build.0 = Release|Any CPU
	EndGlobalSection
	GlobalSection(SolutionProperties) = preSolution
		HideSolutionNode = FALSE
	EndGlobalSection
EndGlobal
