
Microsoft Visual Studio Solution File, Format Version 12.00
# Visual Studio 14
VisualStudioVersion = 14.0.25420.1
MinimumVisualStudioVersion = 10.0.40219.1
Project("{FAE04EC0-301F-11D3-BF4B-00C04F79EFBC}") = "Exc-01", "Exc-01\Exc-01.csproj", "{6D02FCB1-A96B-474D-9343-5431B5599210}"
EndProject
Project("{FAE04EC0-301F-11D3-BF4B-00C04F79EFBC}") = "Exc-02", "Exc-02\Exc-02.csproj", "{EAD5FA6B-CC20-4677-9D75-D4B289688C8A}"
EndProject
Project("{FAE04EC0-301F-11D3-BF4B-00C04F79EFBC}") = "Exc-03", "Exc-03\Exc-03.csproj", "{C7D88822-BFE9-460D-BB64-A80C97CFFF1D}"
EndProject
Project("{FAE04EC0-301F-11D3-BF4B-00C04F79EFBC}") = "Exc-04", "Exc-04\Exc-04.csproj", "{2327ABFC-A78A-4BD5-9886-0C82AF134E8E}"
EndProject
Project("{FAE04EC0-301F-11D3-BF4B-00C04F79EFBC}") = "Exc-05", "Exc-05\Exc-05.csproj", "{A5AC068A-7782-43EA-8D3A-B7176D96E799}"
EndProject
Project("{FAE04EC0-301F-11D3-BF4B-00C04F79EFBC}") = "Exc-06", "Exc-06\Exc-06.csproj", "{9A4DC7DE-E7F7-46D9-B472-548C5829C498}"
EndProject
Project("{FAE04EC0-301F-11D3-BF4B-00C04F79EFBC}") = "Exc-07", "Exc-07\Exc-07.csproj", "{F9CE202B-C0FA-45B5-BADA-3D3BD6FC052B}"
EndProject
Global
	GlobalSection(SolutionConfigurationPlatforms) = preSolution
		Debug|Any CPU = Debug|Any CPU
		Release|Any CPU = Release|Any CPU
	EndGlobalSection
	GlobalSection(ProjectConfigurationPlatforms) = postSolution
		{6D02FCB1-A96B-474D-9343-5431B5599210}.Debug|Any CPU.ActiveCfg = Debug|Any CPU
		{6D02FCB1-A96B-474D-9343-5431B5599210}.Debug|Any CPU.Build.0 = Debug|Any CPU
		{6D02FCB1-A96B-474D-9343-5431B5599210}.Release|Any CPU.ActiveCfg = Release|Any CPU
		{6D02FCB1-A96B-474D-9343-5431B5599210}.Release|Any CPU.Build.0 = Release|Any CPU
		{EAD5FA6B-CC20-4677-9D75-D4B289688C8A}.Debug|Any CPU.ActiveCfg = Debug|Any CPU
		{EAD5FA6B-CC20-4677-9D75-D4B289688C8A}.Debug|Any CPU.Build.0 = Debug|Any CPU
		{EAD5FA6B-CC20-4677-9D75-D4B289688C8A}.Release|Any CPU.ActiveCfg = Release|Any CPU
		{EAD5FA6B-CC20-4677-9D75-D4B289688C8A}.Release|Any CPU.Build.0 = Release|Any CPU
		{C7D88822-BFE9-460D-BB64-A80C97CFFF1D}.Debug|Any CPU.ActiveCfg = Debug|Any CPU
		{C7D88822-BFE9-460D-BB64-A80C97CFFF1D}.Debug|Any CPU.Build.0 = Debug|Any CPU
		{C7D88822-BFE9-460D-BB64-A80C97CFFF1D}.Release|Any CPU.ActiveCfg = Release|Any CPU
		{C7D88822-BFE9-460D-BB64-A80C97CFFF1D}.Release|Any CPU.Build.0 = Release|Any CPU
		{2327ABFC-A78A-4BD5-9886-0C82AF134E8E}.Debug|Any CPU.ActiveCfg = Debug|Any CPU
		{2327ABFC-A78A-4BD5-9886-0C82AF134E8E}.Debug|Any CPU.Build.0 = Debug|Any CPU
		{2327ABFC-A78A-4BD5-9886-0C82AF134E8E}.Release|Any CPU.ActiveCfg = Release|Any CPU
		{2327ABFC-A78A-4BD5-9886-0C82AF134E8E}.Release|Any CPU.Build.0 = Release|Any CPU
		{A5AC068A-7782-43EA-8D3A-B7176D96E799}.Debug|Any CPU.ActiveCfg = Debug|Any CPU
		{A5AC068A-7782-43EA-8D3A-B7176D96E799}.Debug|Any CPU.Build.0 = Debug|Any CPU
		{A5AC068A-7782-43EA-8D3A-B7176D96E799}.Release|Any CPU.ActiveCfg = Release|Any CPU
		{A5AC068A-7782-43EA-8D3A-B7176D96E799}.Release|Any CPU.Build.0 = Release|Any CPU
		{9A4DC7DE-E7F7-46D9-B472-548C5829C498}.Debug|Any CPU.ActiveCfg = Debug|Any CPU
		{9A4DC7DE-E7F7-46D9-B472-548C5829C498}.Debug|Any CPU.Build.0 = Debug|Any CPU
		{9A4DC7DE-E7F7-46D9-B472-548C5829C498}.Release|Any CPU.ActiveCfg = Release|Any CPU
		{9A4DC7DE-E7F7-46D9-B472-548C5829C498}.Release|Any CPU.Build.0 = Release|Any CPU
		{F9CE202B-C0FA-45B5-BADA-3D3BD6FC052B}.Debug|Any CPU.ActiveCfg = Debug|Any CPU
		{F9CE202B-C0FA-45B5-BADA-3D3BD6FC052B}.Debug|Any CPU.Build.0 = Debug|Any CPU
		{F9CE202B-C0FA-45B5-BADA-3D3BD6FC052B}.Release|Any CPU.ActiveCfg = Release|Any CPU
		{F9CE202B-C0FA-45B5-BADA-3D3BD6FC052B}.Release|Any CPU.Build.0 = Release|Any CPU
	EndGlobalSection
	GlobalSection(SolutionProperties) = preSolution
		HideSolutionNode = FALSE
	EndGlobalSection
EndGlobal
